# THIS IS AN AUTOGENERATED FILE. DO NOT EDIT THIS FILE DIRECTLY.
# yarn lockfile v1


asciidoctor-emoji@^0.5.0:
  version "0.5.0"
  resolved "https://registry.yarnpkg.com/asciidoctor-emoji/-/asciidoctor-emoji-0.5.0.tgz#d0b70ea54e609b19e9b2d83b82d36be214647e90"
  integrity sha512-3lsYV2kdX1MseZAm1KgSPwny+P7Fr83ZPH4MxNISIZAz3cPEGaFgNxRbr/uha4Tyv+oarpoaY5cGI7Fe0HluZg==

asciidoctor-kroki@^0.18.1:
  version "0.18.1"
  resolved "https://registry.yarnpkg.com/asciidoctor-kroki/-/asciidoctor-kroki-0.18.1.tgz#95e55d58b94b54180282b1b5f2b791e5781c1770"
  integrity sha512-eQxbBCaPTbyNoJtk62Gp+6h4LlJp2147g7eS0QIVjqaLpFa8sseH0BlMiBoATrJUYv1w3nR+FTzvloBJ/MioYg==
  dependencies:
    json5 "2.2.3"
    mkdirp "2.1.3"
    pako "2.1.0"
    rusha "0.8.14"
    unxhr "1.2.0"

json5@2.2.3:
  version "2.2.3"
  resolved "https://registry.yarnpkg.com/json5/-/json5-2.2.3.tgz#78cd6f1a19bdc12b73db5ad0c61efd66c1e29283"
  integrity sha512-XmOWe7eyHYH14cLdVPoyg+GOH3rYX++KpzrylJwSW98t3Nk+U8XOl8FWKOgwtzdb8lXGf6zYwDUzeHMWfxasyg==

mkdirp@2.1.3:
  version "2.1.3"
  resolved "https://registry.yarnpkg.com/mkdirp/-/mkdirp-2.1.3.tgz#b083ff37be046fd3d6552468c1f0ff44c1545d1f"
  integrity sha512-sjAkg21peAG9HS+Dkx7hlG9Ztx7HLeKnvB3NQRcu/mltCVmvkF0pisbiTSfDVYTT86XEfZrTUosLdZLStquZUw==

pako@2.1.0:
  version "2.1.0"
  resolved "https://registry.yarnpkg.com/pako/-/pako-2.1.0.tgz#266cc37f98c7d883545d11335c00fbd4062c9a86"
  integrity sha512-w+eufiZ1WuJYgPXbV/PO3NCMEc3xqylkKHzp8bxp1uW4qaSNQUkwmLLEc3kKsfz8lpV1F8Ht3U1Cm+9Srog2ug==

rusha@0.8.14:
  version "0.8.14"
  resolved "https://registry.yarnpkg.com/rusha/-/rusha-0.8.14.tgz#a977d0de9428406138b7bb90d3de5dcd024e2f68"
  integrity sha512-cLgakCUf6PedEu15t8kbsjnwIFFR2D4RfL+W3iWFJ4iac7z4B0ZI8fxy4R3J956kAI68HclCFGL8MPoUVC3qVA==

unxhr@1.2.0:
  version "1.2.0"
  resolved "https://registry.yarnpkg.com/unxhr/-/unxhr-1.2.0.tgz#44d391cb882c268a2909cd258a9a4f1941a6cf57"
  integrity sha512-6cGpm8NFXPD9QbSNx0cD2giy7teZ6xOkCUH3U89WKVkL9N9rBrWjlCwhR94Re18ZlAop4MOc3WU1M3Hv/bgpIw==
